# THIS IS AN AUTOGENERATED FILE. DO NOT EDIT THIS FILE DIRECTLY.
# yarn lockfile v1


"@formatjs/intl-displaynames@^1.2.9":
  version "1.2.9"
  resolved "https://registry.yarnpkg.com/@formatjs/intl-displaynames/-/intl-displaynames-1.2.9.tgz#be30523a91b3f5102fcd1754679073be6f8ee545"
  integrity sha512-XQF2rHM0DaxShGtr03wt1eWBye0t8WDSvXfpby0ewSPs0n0uUjQOkyouTqFUderNuXV3aY8vpxq+pnHEkW/VNg==
  dependencies:
    "@formatjs/intl-utils" "^2.2.5"

"@formatjs/intl-listformat@^1.4.7":
  version "1.4.7"
  resolved "https://registry.yarnpkg.com/@formatjs/intl-listformat/-/intl-listformat-1.4.7.tgz#6529663d535ba24c1a33b26bdb4f6e0c1616466e"
  integrity sha512-g0oXgMYhe7CFdH8jEUz64K7sLjo2p8tQAuGGXjcibODCsJvBV+YrC69WGmzQpJPCoeK5kxG7PXQRUO1Sr6NEfA==
  dependencies:
    "@formatjs/intl-utils" "^2.2.5"

"@formatjs/intl-relativetimeformat@^4.5.15":
  version "4.5.15"
  resolved "https://registry.yarnpkg.com/@formatjs/intl-relativetimeformat/-/intl-relativetimeformat-4.5.15.tgz#1e31cdfc334603e380032745398186265ecc6049"
  integrity sha512-DVtiHWMpwsuqPBtszOTmhv6m94RuiPN6/ltWCm6tul/lIFKotoJOvo1CkytfzWJ3ypjnfbYsfPRhvCCQTqVarQ==
  dependencies:
    "@formatjs/intl-utils" "^2.2.5"

"@formatjs/intl-unified-numberformat@^3.3.6":
  version "3.3.6"
  resolved "https://registry.yarnpkg.com/@formatjs/intl-unified-numberformat/-/intl-unified-numberformat-3.3.6.tgz#ab69818f7568894023cb31fdb5b5c7eed62c6537"
  integrity sha512-VQYswh9Pxf4kN6FQvKprAQwSJrF93eJstCDPM1HIt3c3O6NqPFWNWhZ91PLTppOV11rLYsFK11ZxiGbnLNiPTg==
  dependencies:
    "@formatjs/intl-utils" "^2.2.5"

"@formatjs/intl-utils@^2.2.5":
  version "2.2.5"
  resolved "https://registry.yarnpkg.com/@formatjs/intl-utils/-/intl-utils-2.2.5.tgz#eaafd94df3d102ee13e54e80f992a33868a6b1e8"
  integrity sha512-p7gcmazKROteL4IECCp03Qrs790fZ8tbemUAjQu0+K0AaAlK49rI1SIFFq3LzDUAqXIshV95JJhRe/yXxkal5g==

"@types/hoist-non-react-statics@^3.3.1":
  version "3.3.1"
  resolved "https://registry.yarnpkg.com/@types/hoist-non-react-statics/-/hoist-non-react-statics-3.3.1.tgz#1124aafe5118cb591977aeb1ceaaed1070eb039f"
  integrity sha512-iMIqiko6ooLrTh1joXodJK5X9xeEALT1kM5G3ZLhD3hszxBdIEd5C75U834D9mLcINgD4OyZf5uQXjkuYydWvA==
  dependencies:
    "@types/react" "*"
    hoist-non-react-statics "^3.3.0"

"@types/invariant@^2.2.31":
  version "2.2.32"
  resolved "https://registry.yarnpkg.com/@types/invariant/-/invariant-2.2.32.tgz#cf523a609062564e36e7a7dadb5089ed87da6382"
  integrity sha512-WjY4WVFaehHv+TOgm+dS3UI559NvsPGFz/C0nIo7KOOdC+HeC7Y3/yLzdJYQ3+oFQaTXrOVm7cNtIgMataIDVg==

"@types/prop-types@*":
  version "15.7.3"
  resolved "https://registry.yarnpkg.com/@types/prop-types/-/prop-types-15.7.3.tgz#2ab0d5da2e5815f94b0b9d4b95d1e5f243ab2ca7"
  integrity sha512-KfRL3PuHmqQLOG+2tGpRO26Ctg+Cq1E01D2DMriKEATHgWLfeNDmq9e29Q9WIky0dQ3NPkd1mzYH8Lm936Z9qw==

"@types/react@*":
  version "16.9.34"
  resolved "https://registry.yarnpkg.com/@types/react/-/react-16.9.34.tgz#f7d5e331c468f53affed17a8a4d488cd44ea9349"
  integrity sha512-8AJlYMOfPe1KGLKyHpflCg5z46n0b5DbRfqDksxBLBTUpB75ypDBAO9eCUcjNwE6LCUslwTz00yyG/X9gaVtow==
  dependencies:
    "@types/prop-types" "*"
    csstype "^2.2.0"

csstype@^2.2.0:
  version "2.6.10"
  resolved "https://registry.yarnpkg.com/csstype/-/csstype-2.6.10.tgz#e63af50e66d7c266edb6b32909cfd0aabe03928b"
  integrity sha512-D34BqZU4cIlMCY93rZHbrq9pjTAQJ3U8S8rfBqjwHxkGPThWFjzZDQpgMJY0QViLxth6ZKYiwFBo14RdN44U/w==

hoist-non-react-statics@^3.3.0, hoist-non-react-statics@^3.3.2:
  version "3.3.2"
  resolved "https://registry.yarnpkg.com/hoist-non-react-statics/-/hoist-non-react-statics-3.3.2.tgz#ece0acaf71d62c2969c2ec59feff42a4b1a85b45"
  integrity sha512-/gGivxi8JPKWNm/W0jSmzcMPpfpPLc3dY/6GxhX2hQ9iGj3aDfklV4ET7NjKpSinLpJ5vafa9iiGIEZg10SfBw==
  dependencies:
    react-is "^16.7.0"

intl-format-cache@^4.2.27:
  version "4.2.27"
  resolved "https://registry.yarnpkg.com/intl-format-cache/-/intl-format-cache-4.2.27.tgz#d25fa83639913aec10ca5a8f9e3b6449bb0eacf2"
  integrity sha512-blHXX9qBp8H6fGhQc0jHGh7j97HF0megj4rIB878iazMBdFk/tR7b3av0PJxE72TP8MycLFpeXW9vLY5cBmF4A==

intl-messageformat-parser@^5.0.3:
  version "5.0.3"
  resolved "https://registry.yarnpkg.com/intl-messageformat-parser/-/intl-messageformat-parser-5.0.3.tgz#f281a9446b896f24a8f00ab9415019a28d59ca57"
  integrity sha512-u2goKAXOJLkiHBy0zB3HTMuHhWDNFYUyPVevvUeSuacGFqe04jvyvYIJIoVgHD3RYhFJ9T+0UgT0dNbu+51TEw==
  dependencies:
    "@formatjs/intl-unified-numberformat" "^3.3.6"

intl-messageformat@^8.3.10:
  version "8.3.10"
  resolved "https://registry.yarnpkg.com/intl-messageformat/-/intl-messageformat-8.3.10.tgz#4346cf6f3a525fb69f4df2f46e804bf855ea796a"
  integrity sha512-0CWciO3DniD8WH0FDkxLlFGAHAYrkeGT2T5sRkrmmg1xFJV64MzgmJU0AiBHbdy/2DGyOxZlba8v6xhrHAygNQ==
  dependencies:
    intl-format-cache "^4.2.27"
    intl-messageformat-parser "^5.0.3"

moment@^2.25.3:
  version "2.25.3"
  resolved "https://registry.yarnpkg.com/moment/-/moment-2.25.3.tgz#252ff41319cf41e47761a1a88cab30edfe9808c0"
  integrity sha512-PuYv0PHxZvzc15Sp8ybUCoQ+xpyPWvjOuK72a5ovzp2LI32rJXOiIfyoFoYvG3s6EwwrdkMyWuRiEHSZRLJNdg==

react-intl@^4.5.3:
  version "4.5.3"
  resolved "https://registry.yarnpkg.com/react-intl/-/react-intl-4.5.3.tgz#d24774fa20aeb1049c5d8cb04f1c8d9da0efb6a8"
  integrity sha512-qx7R7bRdmmoBbHBaQCTWIui5KcMOpUWZwe7oF83x1oLf5KJ5zm4Qt9XCGF7Ki4JbYTNuUiz7QUc4IPy0HFoMGg==
  dependencies:
    "@formatjs/intl-displaynames" "^1.2.9"
    "@formatjs/intl-listformat" "^1.4.7"
    "@formatjs/intl-relativetimeformat" "^4.5.15"
    "@formatjs/intl-unified-numberformat" "^3.3.6"
    "@formatjs/intl-utils" "^2.2.5"
    "@types/hoist-non-react-statics" "^3.3.1"
    "@types/invariant" "^2.2.31"
    hoist-non-react-statics "^3.3.2"
    intl-format-cache "^4.2.27"
    intl-messageformat "^8.3.10"
    intl-messageformat-parser "^5.0.3"
    shallow-equal "^1.2.1"

react-is@^16.7.0:
  version "16.13.1"
  resolved "https://registry.yarnpkg.com/react-is/-/react-is-16.13.1.tgz#789729a4dc36de2999dc156dd6c1d9c18cea56a4"
  integrity sha512-24e6ynE2H+OKt4kqsOvNd8kBpV65zoxbA4BVsEOB3ARVWQki/DHzaUoC5KuON/BiccDaCCTZBuOcfZs70kR8bQ==

shallow-equal@^1.2.1:
  version "1.2.1"
  resolved "https://registry.yarnpkg.com/shallow-equal/-/shallow-equal-1.2.1.tgz#4c16abfa56043aa20d050324efa68940b0da79da"
  integrity sha512-S4vJDjHHMBaiZuT9NPb616CSmLf618jawtv3sufLl6ivK8WocjAo58cXwbRV1cgqxH0Qbv+iUt6m05eqEa2IRA==
