# THIS IS AN AUTOGENERATED FILE. DO NOT EDIT THIS FILE DIRECTLY.
# yarn lockfile v1


moment-timezone@^0.5.35:
  version "0.5.35"
  resolved "https://registry.yarnpkg.com/moment-timezone/-/moment-timezone-0.5.35.tgz#6fa2631bdbe8ff04f6b8753f7199516be6dc9839"
  integrity sha512-cY/pBOEXepQvlgli06ttCTKcIf8cD1nmNwOKQQAdHBqYApQSpAqotBMX0RJZNgMp6i0PlZuf1mFtnlyEkwyvFw==
  dependencies:
    moment ">= 2.9.0"

"moment@>= 2.9.0", moment@^2.25.3:
  version "2.27.0"
  resolved "https://registry.yarnpkg.com/moment/-/moment-2.27.0.tgz#8bff4e3e26a236220dfe3e36de756b6ebaa0105d"
  integrity sha512-al0MUK7cpIcglMv3YF13qSgdAIqxHTO7brRtaz3DlSULbqfazqkc5kEjNrLDOM7fsjshoFIihnU8snrP7zUvhQ==
